
Microsoft Visual Studio Solution File, Format Version 12.00
# Visual Studio Version 17
VisualStudioVersion = 17.0.32112.339
MinimumVisualStudioVersion = 10.0.40219.1
Project("{FAE04EC0-301F-11D3-BF4B-00C04F79EFBC}") = "HelloWorld1000", "HelloWorld1000\HelloWorld1000.csproj", "{D68305E2-BB76-476D-A069-71BE4A54383B}"
EndProject
Global
	GlobalSection(SolutionConfigurationPlatforms) = preSolution
		Debug|Any CPU = Debug|Any CPU
		Release|Any CPU = Release|Any CPU
	EndGlobalSection
	GlobalSection(ProjectConfigurationPlatforms) = postSolution
		{D68305E2-BB76-476D-A069-71BE4A54383B}.Debug|Any CPU.ActiveCfg = Debug|Any CPU
		{D68305E2-BB76-476D-A069-71BE4A54383B}.Debug|Any CPU.Build.0 = Debug|Any CPU
		{D68305E2-BB76-476D-A069-71BE4A54383B}.Release|Any CPU.ActiveCfg = Release|Any CPU
		{D68305E2-BB76-476D-A069-71BE4A54383B}.Release|Any CPU.Build.0 = Release|Any CPU
	EndGlobalSection
	GlobalSection(SolutionProperties) = preSolution
		HideSolutionNode = FALSE
	EndGlobalSection
	GlobalSection(ExtensibilityGlobals) = postSolution
		SolutionGuid = {F87DE009-4920-4903-8C10-EFEADE6EB3D2}
	EndGlobalSection
EndGlobal
